
Microsoft Visual Studio Solution File, Format Version 12.00
# Visual Studio 14
VisualStudioVersion = 14.0.25420.1
MinimumVisualStudioVersion = 10.0.40219.1
Project("{FAE04EC0-301F-11D3-BF4B-00C04F79EFBC}") = "Octoposh", "Octoposh\Octoposh.csproj", "{C734681F-7DAE-4BAD-A3D8-A7E3C7496D43}"
EndProject
Project("{FAE04EC0-301F-11D3-BF4B-00C04F79EFBC}") = "Octoposh.tests", "Octoposh.tests\Octoposh.tests.csproj", "{E4223F43-9341-4A9B-9FC4-93FD58C29164}"
EndProject
Global
	GlobalSection(SolutionConfigurationPlatforms) = preSolution
		Debug|Any CPU = Debug|Any CPU
		Release|Any CPU = Release|Any CPU
	EndGlobalSection
	GlobalSection(ProjectConfigurationPlatforms) = postSolution
		{C734681F-7DAE-4BAD-A3D8-A7E3C7496D43}.Debug|Any CPU.ActiveCfg = Debug|Any CPU
		{C734681F-7DAE-4BAD-A3D8-A7E3C7496D43}.Debug|Any CPU.Build.0 = Debug|Any CPU
		{C734681F-7DAE-4BAD-A3D8-A7E3C7496D43}.Release|Any CPU.ActiveCfg = Release|Any CPU
		{C734681F-7DAE-4BAD-A3D8-A7E3C7496D43}.Release|Any CPU.Build.0 = Release|Any CPU
		{E4223F43-9341-4A9B-9FC4-93FD58C29164}.Debug|Any CPU.ActiveCfg = Debug|Any CPU
		{E4223F43-9341-4A9B-9FC4-93FD58C29164}.Debug|Any CPU.Build.0 = Debug|Any CPU
		{E4223F43-9341-4A9B-9FC4-93FD58C29164}.Release|Any CPU.ActiveCfg = Release|Any CPU
		{E4223F43-9341-4A9B-9FC4-93FD58C29164}.Release|Any CPU.Build.0 = Release|Any CPU
	EndGlobalSection
	GlobalSection(SolutionProperties) = preSolution
		HideSolutionNode = FALSE
	EndGlobalSection
EndGlobal
